
Microsoft Visual Studio Solution File, Format Version 12.00
# Visual Studio Version 16
VisualStudioVersion = 16.0.28705.295
MinimumVisualStudioVersion = 10.0.40219.1
Project("{FAE04EC0-301F-11D3-BF4B-00C04F79EFBC}") = "Parser", "Parser\Parser.csproj", "{1DA1ABA5-0F85-4783-9F84-30479CF96A8F}"
EndProject
Project("{FAE04EC0-301F-11D3-BF4B-00C04F79EFBC}") = "Bio", "Bio\Bio.csproj", "{B75ECCF8-80A0-4B1E-8245-0E236909CDB0}"
EndProject
Global
	GlobalSection(SolutionConfigurationPlatforms) = preSolution
		Debug|Any CPU = Debug|Any CPU
		Release|Any CPU = Release|Any CPU
	EndGlobalSection
	GlobalSection(ProjectConfigurationPlatforms) = postSolution
		{1DA1ABA5-0F85-4783-9F84-30479CF96A8F}.Debug|Any CPU.ActiveCfg = Debug|Any CPU
		{1DA1ABA5-0F85-4783-9F84-30479CF96A8F}.Debug|Any CPU.Build.0 = Debug|Any CPU
		{1DA1ABA5-0F85-4783-9F84-30479CF96A8F}.Release|Any CPU.ActiveCfg = Release|Any CPU
		{1DA1ABA5-0F85-4783-9F84-30479CF96A8F}.Release|Any CPU.Build.0 = Release|Any CPU
		{B75ECCF8-80A0-4B1E-8245-0E236909CDB0}.Debug|Any CPU.ActiveCfg = Debug|Any CPU
		{B75ECCF8-80A0-4B1E-8245-0E236909CDB0}.Debug|Any CPU.Build.0 = Debug|Any CPU
		{B75ECCF8-80A0-4B1E-8245-0E236909CDB0}.Release|Any CPU.ActiveCfg = Release|Any CPU
		{B75ECCF8-80A0-4B1E-8245-0E236909CDB0}.Release|Any CPU.Build.0 = Release|Any CPU
	EndGlobalSection
	GlobalSection(SolutionProperties) = preSolution
		HideSolutionNode = FALSE
	EndGlobalSection
	GlobalSection(ExtensibilityGlobals) = postSolution
		SolutionGuid = {5D260EF0-5606-4567-8870-BB8B3663C0D4}
	EndGlobalSection
EndGlobal
